{
  "name": "ajs-node",
  "version": "1.0.0",
  "lockfileVersion": 3,
  "requires": true,
  "packages": {
    "": {
      "name": "ajs-node",
      "version": "1.0.0",
      "license": "ISC",
      "dependencies": {
        "@glm-alyona/ajs": "^1.0.0"
      }
    },
    "node_modules/@glm-alyona/ajs": {
      "version": "1.0.0",
      "resolved": "https://npm.pkg.github.com/download/@glm-alyona/ajs/1.0.0/a3d9124fb2493e7d304bbebdca4adc2ed2047fe4",
      "integrity": "sha512-iK+BlUky7EA1QuajVWmQmWswfT8nrmwC6tVsd1boWSXdxX8ZQXc2I76vB3FVcA46deK5kbAJ6ciqMLycmbjUxg==",
      "license": "ISC"
    }
  }
}
